
Microsoft Visual Studio Solution File, Format Version 12.00
# Visual Studio Version 17
VisualStudioVersion = 17.14.36202.13 d17.14
MinimumVisualStudioVersion = 10.0.40219.1
Project("{FAE04EC0-301F-11D3-BF4B-00C04F79EFBC}") = "ProductsMicroService.API", "ProductsMicroService.API\ProductsMicroService.API.csproj", "{73E112BC-80CE-4F2B-8681-910D9EE62D7F}"
EndProject
Project("{FAE04EC0-301F-11D3-BF4B-00C04F79EFBC}") = "DataAccessLayer", "DataAccessLayer\DataAccessLayer.csproj", "{55710087-390A-474D-AC9D-953C6144FB07}"
EndProject
Project("{FAE04EC0-301F-11D3-BF4B-00C04F79EFBC}") = "BusinessLogicLayer", "BusinessLogicLayer\BusinessLogicLayer.csproj", "{CD12DD4D-9483-4D71-978A-D49A9EB5CEEC}"
EndProject
Global
	GlobalSection(SolutionConfigurationPlatforms) = preSolution
		Debug|Any CPU = Debug|Any CPU
		Release|Any CPU = Release|Any CPU
	EndGlobalSection
	GlobalSection(ProjectConfigurationPlatforms) = postSolution
		{73E112BC-80CE-4F2B-8681-910D9EE62D7F}.Debug|Any CPU.ActiveCfg = Debug|Any CPU
		{73E112BC-80CE-4F2B-8681-910D9EE62D7F}.Debug|Any CPU.Build.0 = Debug|Any CPU
		{73E112BC-80CE-4F2B-8681-910D9EE62D7F}.Release|Any CPU.ActiveCfg = Release|Any CPU
		{73E112BC-80CE-4F2B-8681-910D9EE62D7F}.Release|Any CPU.Build.0 = Release|Any CPU
		{55710087-390A-474D-AC9D-953C6144FB07}.Debug|Any CPU.ActiveCfg = Debug|Any CPU
		{55710087-390A-474D-AC9D-953C6144FB07}.Debug|Any CPU.Build.0 = Debug|Any CPU
		{55710087-390A-474D-AC9D-953C6144FB07}.Release|Any CPU.ActiveCfg = Release|Any CPU
		{55710087-390A-474D-AC9D-953C6144FB07}.Release|Any CPU.Build.0 = Release|Any CPU
		{CD12DD4D-9483-4D71-978A-D49A9EB5CEEC}.Debug|Any CPU.ActiveCfg = Debug|Any CPU
		{CD12DD4D-9483-4D71-978A-D49A9EB5CEEC}.Debug|Any CPU.Build.0 = Debug|Any CPU
		{CD12DD4D-9483-4D71-978A-D49A9EB5CEEC}.Release|Any CPU.ActiveCfg = Release|Any CPU
		{CD12DD4D-9483-4D71-978A-D49A9EB5CEEC}.Release|Any CPU.Build.0 = Release|Any CPU
	EndGlobalSection
	GlobalSection(SolutionProperties) = preSolution
		HideSolutionNode = FALSE
	EndGlobalSection
	GlobalSection(ExtensibilityGlobals) = postSolution
		SolutionGuid = {452D1DA1-8394-4BD6-A7AF-77979283DC18}
	EndGlobalSection
EndGlobal
